
Microsoft Visual Studio Solution File, Format Version 12.00
# Visual Studio Version 17
VisualStudioVersion = 17.8.34330.188
MinimumVisualStudioVersion = 10.0.40219.1
Project("{FAE04EC0-301F-11D3-BF4B-00C04F79EFBC}") = "Converstionnumtowords", "Converstionnumtowords\Converstionnumtowords.csproj", "{9D8E52EB-F49E-43F4-80B1-72C461F37D66}"
EndProject
Global
	GlobalSection(SolutionConfigurationPlatforms) = preSolution
		Debug|Any CPU = Debug|Any CPU
		Release|Any CPU = Release|Any CPU
	EndGlobalSection
	GlobalSection(ProjectConfigurationPlatforms) = postSolution
		{9D8E52EB-F49E-43F4-80B1-72C461F37D66}.Debug|Any CPU.ActiveCfg = Debug|Any CPU
		{9D8E52EB-F49E-43F4-80B1-72C461F37D66}.Debug|Any CPU.Build.0 = Debug|Any CPU
		{9D8E52EB-F49E-43F4-80B1-72C461F37D66}.Release|Any CPU.ActiveCfg = Release|Any CPU
		{9D8E52EB-F49E-43F4-80B1-72C461F37D66}.Release|Any CPU.Build.0 = Release|Any CPU
	EndGlobalSection
	GlobalSection(SolutionProperties) = preSolution
		HideSolutionNode = FALSE
	EndGlobalSection
	GlobalSection(ExtensibilityGlobals) = postSolution
		SolutionGuid = {9485688F-2B51-4576-A6A2-57119880572C}
	EndGlobalSection
EndGlobal
