
Microsoft Visual Studio Solution File, Format Version 12.00
# Visual Studio Version 17
VisualStudioVersion = 17.8.34330.188
MinimumVisualStudioVersion = 10.0.40219.1
Project("{FAE04EC0-301F-11D3-BF4B-00C04F79EFBC}") = "assignment3realworldobject", "assignment3realworldobject\assignment3realworldobject.csproj", "{F10026B0-0D8B-4730-BC1F-D2303EADBA4A}"
EndProject
Global
	GlobalSection(SolutionConfigurationPlatforms) = preSolution
		Debug|Any CPU = Debug|Any CPU
		Release|Any CPU = Release|Any CPU
	EndGlobalSection
	GlobalSection(ProjectConfigurationPlatforms) = postSolution
		{F10026B0-0D8B-4730-BC1F-D2303EADBA4A}.Debug|Any CPU.ActiveCfg = Debug|Any CPU
		{F10026B0-0D8B-4730-BC1F-D2303EADBA4A}.Debug|Any CPU.Build.0 = Debug|Any CPU
		{F10026B0-0D8B-4730-BC1F-D2303EADBA4A}.Release|Any CPU.ActiveCfg = Release|Any CPU
		{F10026B0-0D8B-4730-BC1F-D2303EADBA4A}.Release|Any CPU.Build.0 = Release|Any CPU
	EndGlobalSection
	GlobalSection(SolutionProperties) = preSolution
		HideSolutionNode = FALSE
	EndGlobalSection
	GlobalSection(ExtensibilityGlobals) = postSolution
		SolutionGuid = {396D4D60-2DBE-4B8D-B19E-01F00C5C3662}
	EndGlobalSection
EndGlobal
