
Microsoft Visual Studio Solution File, Format Version 12.00
# Visual Studio Version 17
VisualStudioVersion = 17.8.34330.188
MinimumVisualStudioVersion = 10.0.40219.1
Project("{FAE04EC0-301F-11D3-BF4B-00C04F79EFBC}") = "Hashtableattempt", "Hashtableattempt\Hashtableattempt.csproj", "{E6D01DD2-D750-4062-8174-1F13480C2E86}"
EndProject
Global
	GlobalSection(SolutionConfigurationPlatforms) = preSolution
		Debug|Any CPU = Debug|Any CPU
		Release|Any CPU = Release|Any CPU
	EndGlobalSection
	GlobalSection(ProjectConfigurationPlatforms) = postSolution
		{E6D01DD2-D750-4062-8174-1F13480C2E86}.Debug|Any CPU.ActiveCfg = Debug|Any CPU
		{E6D01DD2-D750-4062-8174-1F13480C2E86}.Debug|Any CPU.Build.0 = Debug|Any CPU
		{E6D01DD2-D750-4062-8174-1F13480C2E86}.Release|Any CPU.ActiveCfg = Release|Any CPU
		{E6D01DD2-D750-4062-8174-1F13480C2E86}.Release|Any CPU.Build.0 = Release|Any CPU
	EndGlobalSection
	GlobalSection(SolutionProperties) = preSolution
		HideSolutionNode = FALSE
	EndGlobalSection
	GlobalSection(ExtensibilityGlobals) = postSolution
		SolutionGuid = {ABFD9B05-F1BD-4CE8-80FA-2BF3F3E9C1BA}
	EndGlobalSection
EndGlobal
