
Microsoft Visual Studio Solution File, Format Version 12.00
# Visual Studio Version 17
VisualStudioVersion = 17.8.34330.188
MinimumVisualStudioVersion = 10.0.40219.1
Project("{FAE04EC0-301F-11D3-BF4B-00C04F79EFBC}") = "Assignment2conversion", "Assignment2conversion\Assignment2conversion.csproj", "{4C61523F-BD1C-48D6-91F4-7F4B0C13BB47}"
EndProject
Global
	GlobalSection(SolutionConfigurationPlatforms) = preSolution
		Debug|Any CPU = Debug|Any CPU
		Release|Any CPU = Release|Any CPU
	EndGlobalSection
	GlobalSection(ProjectConfigurationPlatforms) = postSolution
		{4C61523F-BD1C-48D6-91F4-7F4B0C13BB47}.Debug|Any CPU.ActiveCfg = Debug|Any CPU
		{4C61523F-BD1C-48D6-91F4-7F4B0C13BB47}.Debug|Any CPU.Build.0 = Debug|Any CPU
		{4C61523F-BD1C-48D6-91F4-7F4B0C13BB47}.Release|Any CPU.ActiveCfg = Release|Any CPU
		{4C61523F-BD1C-48D6-91F4-7F4B0C13BB47}.Release|Any CPU.Build.0 = Release|Any CPU
	EndGlobalSection
	GlobalSection(SolutionProperties) = preSolution
		HideSolutionNode = FALSE
	EndGlobalSection
	GlobalSection(ExtensibilityGlobals) = postSolution
		SolutionGuid = {48519091-C432-4511-961A-86BD413C75A7}
	EndGlobalSection
EndGlobal
