
Microsoft Visual Studio Solution File, Format Version 12.00
# Visual Studio Version 17
VisualStudioVersion = 17.8.34330.188
MinimumVisualStudioVersion = 10.0.40219.1
Project("{FAE04EC0-301F-11D3-BF4B-00C04F79EFBC}") = "secondAttempt", "secondAttempt\secondAttempt.csproj", "{A56602CA-FB07-4534-B54C-82550BE09931}"
EndProject
Global
	GlobalSection(SolutionConfigurationPlatforms) = preSolution
		Debug|Any CPU = Debug|Any CPU
		Release|Any CPU = Release|Any CPU
	EndGlobalSection
	GlobalSection(ProjectConfigurationPlatforms) = postSolution
		{A56602CA-FB07-4534-B54C-82550BE09931}.Debug|Any CPU.ActiveCfg = Debug|Any CPU
		{A56602CA-FB07-4534-B54C-82550BE09931}.Debug|Any CPU.Build.0 = Debug|Any CPU
		{A56602CA-FB07-4534-B54C-82550BE09931}.Release|Any CPU.ActiveCfg = Release|Any CPU
		{A56602CA-FB07-4534-B54C-82550BE09931}.Release|Any CPU.Build.0 = Release|Any CPU
	EndGlobalSection
	GlobalSection(SolutionProperties) = preSolution
		HideSolutionNode = FALSE
	EndGlobalSection
	GlobalSection(ExtensibilityGlobals) = postSolution
		SolutionGuid = {292D130A-8AA8-40EF-81CD-CE0C5D01D989}
	EndGlobalSection
EndGlobal
